
Microsoft Visual Studio Solution File, Format Version 12.00
# Visual Studio Version 17
VisualStudioVersion = 17.2.32526.322
MinimumVisualStudioVersion = 10.0.40219.1
Project("{FAE04EC0-301F-11D3-BF4B-00C04F79EFBC}") = "ASP.WebApp", "ASP.WebApp\ASP.WebApp.csproj", "{D118E289-AC63-4414-9D63-52098CFF9A38}"
EndProject
Project("{FAE04EC0-301F-11D3-BF4B-00C04F79EFBC}") = "ASP.UseCases", "ASP.UseCases\ASP.UseCases.csproj", "{084703A2-DD92-4A9F-85BC-7241EE64D745}"
EndProject
Project("{FAE04EC0-301F-11D3-BF4B-00C04F79EFBC}") = "ASP.CoreBusiness", "ASP.CoreBusiness\ASP.CoreBusiness.csproj", "{0C6180F3-E542-423B-958E-20F21B84C5F3}"
EndProject
Project("{FAE04EC0-301F-11D3-BF4B-00C04F79EFBC}") = "ASP.Plugins.InMemory", "ASP.Plugins\ASP.Plugins.InMemory\ASP.Plugins.InMemory\ASP.Plugins.InMemory.csproj", "{EB8C3511-ED35-4032-8F00-C832B6DA6574}"
EndProject
Global
	GlobalSection(SolutionConfigurationPlatforms) = preSolution
		Debug|Any CPU = Debug|Any CPU
		Release|Any CPU = Release|Any CPU
	EndGlobalSection
	GlobalSection(ProjectConfigurationPlatforms) = postSolution
		{D118E289-AC63-4414-9D63-52098CFF9A38}.Debug|Any CPU.ActiveCfg = Debug|Any CPU
		{D118E289-AC63-4414-9D63-52098CFF9A38}.Debug|Any CPU.Build.0 = Debug|Any CPU
		{D118E289-AC63-4414-9D63-52098CFF9A38}.Release|Any CPU.ActiveCfg = Release|Any CPU
		{D118E289-AC63-4414-9D63-52098CFF9A38}.Release|Any CPU.Build.0 = Release|Any CPU
		{084703A2-DD92-4A9F-85BC-7241EE64D745}.Debug|Any CPU.ActiveCfg = Debug|Any CPU
		{084703A2-DD92-4A9F-85BC-7241EE64D745}.Debug|Any CPU.Build.0 = Debug|Any CPU
		{084703A2-DD92-4A9F-85BC-7241EE64D745}.Release|Any CPU.ActiveCfg = Release|Any CPU
		{084703A2-DD92-4A9F-85BC-7241EE64D745}.Release|Any CPU.Build.0 = Release|Any CPU
		{0C6180F3-E542-423B-958E-20F21B84C5F3}.Debug|Any CPU.ActiveCfg = Debug|Any CPU
		{0C6180F3-E542-423B-958E-20F21B84C5F3}.Debug|Any CPU.Build.0 = Debug|Any CPU
		{0C6180F3-E542-423B-958E-20F21B84C5F3}.Release|Any CPU.ActiveCfg = Release|Any CPU
		{0C6180F3-E542-423B-958E-20F21B84C5F3}.Release|Any CPU.Build.0 = Release|Any CPU
		{EB8C3511-ED35-4032-8F00-C832B6DA6574}.Debug|Any CPU.ActiveCfg = Debug|Any CPU
		{EB8C3511-ED35-4032-8F00-C832B6DA6574}.Debug|Any CPU.Build.0 = Debug|Any CPU
		{EB8C3511-ED35-4032-8F00-C832B6DA6574}.Release|Any CPU.ActiveCfg = Release|Any CPU
		{EB8C3511-ED35-4032-8F00-C832B6DA6574}.Release|Any CPU.Build.0 = Release|Any CPU
	EndGlobalSection
	GlobalSection(SolutionProperties) = preSolution
		HideSolutionNode = FALSE
	EndGlobalSection
	GlobalSection(ExtensibilityGlobals) = postSolution
		SolutionGuid = {0EEEA055-DEEF-4635-9CAE-BAD6D496F954}
	EndGlobalSection
EndGlobal
